{
  "version": 4,
  "terraform_version": "1.7.2",
  "serial": 9,
  "lineage": "d766179b-5d5d-e9d3-8378-3b948a9263e8",
  "outputs": {},
  "resources": [
    {
      "mode": "managed",
      "type": "aws_security_group",
      "name": "vssTFsg",
      "provider": "provider[\"registry.terraform.io/hashicorp/aws\"]",
      "instances": [
        {
          "schema_version": 1,
          "attributes": {
            "arn": "arn:aws:ec2:us-east-1:339713183355:security-group/sg-04ff69f73d724c639",
            "description": "Security group for SSH access",
            "egress": [
              {
                "cidr_blocks": [
                  "0.0.0.0/0"
                ],
                "description": "",
                "from_port": 0,
                "ipv6_cidr_blocks": [],
                "prefix_list_ids": [],
                "protocol": "-1",
                "security_groups": [],
                "self": false,
                "to_port": 0
              }
            ],
            "id": "sg-04ff69f73d724c639",
            "ingress": [
              {
                "cidr_blocks": [
                  "54.226.196.131/32"
                ],
                "description": "",
                "from_port": 22,
                "ipv6_cidr_blocks": [],
                "prefix_list_ids": [],
                "protocol": "tcp",
                "security_groups": [],
                "self": false,
                "to_port": 22
              }
            ],
            "name": "vssTFsg",
            "name_prefix": "",
            "owner_id": "339713183355",
            "revoke_rules_on_delete": false,
            "tags": {
              "Name": "vssTFsg"
            },
            "tags_all": {
              "Name": "vssTFsg"
            },
            "timeouts": null,
            "vpc_id": "vpc-086c5bad3a46d8ee3"
          },
          "sensitive_attributes": [],
          "private": "eyJlMmJmYjczMC1lY2FhLTExZTYtOGY4OC0zNDM2M2JjN2M0YzAiOnsiY3JlYXRlIjo2MDAwMDAwMDAwMDAsImRlbGV0ZSI6OTAwMDAwMDAwMDAwfSwic2NoZW1hX3ZlcnNpb24iOiIxIn0="
        }
      ]
    }
  ],
  "check_results": null
}
